// !$*UTF8*$!
{
	archiveVersion = 1;
	classes = {
	};
	objectVersion = 51;
	objects = {

/* Begin PBXBuildFile section */
		06A86B4610D6AE21A2A291C9 /* Pods_YumemiTask.framework in Frameworks */ = {isa = PBXBuildFile; fileRef = F1258A7D4140F4C2FA5885EF /* Pods_YumemiTask.framework */; };
		7C3B225022830C290032D937 /* AppDelegate.swift in Sources */ = {isa = PBXBuildFile; fileRef = 7C3B224F22830C290032D937 /* AppDelegate.swift */; };
		7C3B225522830C290032D937 /* Main.storyboard in Resources */ = {isa = PBXBuildFile; fileRef = 7C3B225322830C290032D937 /* Main.storyboard */; };
		7C3B225722830C2B0032D937 /* Assets.xcassets in Resources */ = {isa = PBXBuildFile; fileRef = 7C3B225622830C2B0032D937 /* Assets.xcassets */; };
		7C3B225A22830C2B0032D937 /* LaunchScreen.storyboard in Resources */ = {isa = PBXBuildFile; fileRef = 7C3B225822830C2B0032D937 /* LaunchScreen.storyboard */; };
		7CC7B58E2286BE070008CEE2 /* ConvertViewController.swift in Sources */ = {isa = PBXBuildFile; fileRef = 7CC7B58D2286BE060008CEE2 /* ConvertViewController.swift */; };
/* End PBXBuildFile section */

/* Begin PBXFileReference section */
		60F61FBA60EB7E71B721280D /* Pods-YumemiTask.debug.xcconfig */ = {isa = PBXFileReference; includeInIndex = 1; lastKnownFileType = text.xcconfig; name = "Pods-YumemiTask.debug.xcconfig"; path = "Target Support Files/Pods-YumemiTask/Pods-YumemiTask.debug.xcconfig"; sourceTree = "<group>"; };
		64B1A61BCE01CD283DC6E55D /* Pods-YumemiTask.release.xcconfig */ = {isa = PBXFileReference; includeInIndex = 1; lastKnownFileType = text.xcconfig; name = "Pods-YumemiTask.release.xcconfig"; path = "Target Support Files/Pods-YumemiTask/Pods-YumemiTask.release.xcconfig"; sourceTree = "<group>"; };
		7C3B224C22830C290032D937 /* YumemiTask.app */ = {isa = PBXFileReference; explicitFileType = wrapper.application; includeInIndex = 0; path = YumemiTask.app; sourceTree = BUILT_PRODUCTS_DIR; };
		7C3B224F22830C290032D937 /* AppDelegate.swift */ = {isa = PBXFileReference; lastKnownFileType = sourcecode.swift; path = AppDelegate.swift; sourceTree = "<group>"; };
		7C3B225422830C290032D937 /* Base */ = {isa = PBXFileReference; lastKnownFileType = file.storyboard; name = Base; path = Base.lproj/Main.storyboard; sourceTree = "<group>"; };
		7C3B225622830C2B0032D937 /* Assets.xcassets */ = {isa = PBXFileReference; lastKnownFileType = folder.assetcatalog; path = Assets.xcassets; sourceTree = "<group>"; };
		7C3B225922830C2B0032D937 /* Base */ = {isa = PBXFileReference; lastKnownFileType = file.storyboard; name = Base; path = Base.lproj/LaunchScreen.storyboard; sourceTree = "<group>"; };
		7C3B225B22830C2B0032D937 /* Info.plist */ = {isa = PBXFileReference; lastKnownFileType = text.plist.xml; path = Info.plist; sourceTree = "<group>"; };
		7CC7B58D2286BE060008CEE2 /* ConvertViewController.swift */ = {isa = PBXFileReference; lastKnownFileType = sourcecode.swift; path = ConvertViewController.swift; sourceTree = "<group>"; };
		F1258A7D4140F4C2FA5885EF /* Pods_YumemiTask.framework */ = {isa = PBXFileReference; explicitFileType = wrapper.framework; includeInIndex = 0; path = Pods_YumemiTask.framework; sourceTree = BUILT_PRODUCTS_DIR; };
/* End PBXFileReference section */

/* Begin PBXFrameworksBuildPhase section */
		7C3B224922830C290032D937 /* Frameworks */ = {
			isa = PBXFrameworksBuildPhase;
			buildActionMask = 2147483647;
			files = (
				06A86B4610D6AE21A2A291C9 /* Pods_YumemiTask.framework in Frameworks */,
			);
			runOnlyForDeploymentPostprocessing = 0;
		};
/* End PBXFrameworksBuildPhase section */

/* Begin PBXGroup section */
		60578801141D83A1FBDEFDB2 /* Pods */ = {
			isa = PBXGroup;
			children = (
				60F61FBA60EB7E71B721280D /* Pods-YumemiTask.debug.xcconfig */,
				64B1A61BCE01CD283DC6E55D /* Pods-YumemiTask.release.xcconfig */,
			);
			path = Pods;
			sourceTree = "<group>";
		};
		7C3B224322830C290032D937 = {
			isa = PBXGroup;
			children = (
				7C3B224E22830C290032D937 /* YumemiTask */,
				7C3B224D22830C290032D937 /* Products */,
				60578801141D83A1FBDEFDB2 /* Pods */,
				8CFBB221E563147A610607E1 /* Frameworks */,
			);
			sourceTree = "<group>";
		};
		7C3B224D22830C290032D937 /* Products */ = {
			isa = PBXGroup;
			children = (
				7C3B224C22830C290032D937 /* YumemiTask.app */,
			);
			name = Products;
			sourceTree = "<group>";
		};
		7C3B224E22830C290032D937 /* YumemiTask */ = {
			isa = PBXGroup;
			children = (
				7C3B224F22830C290032D937 /* AppDelegate.swift */,
				7CC7B5862286A6BE0008CEE2 /* UI */,
				7C3B225322830C290032D937 /* Main.storyboard */,
				7C3B225622830C2B0032D937 /* Assets.xcassets */,
				7C3B225822830C2B0032D937 /* LaunchScreen.storyboard */,
				7C3B225B22830C2B0032D937 /* Info.plist */,
			);
			path = YumemiTask;
			sourceTree = "<group>";
		};
		7CC7B5862286A6BE0008CEE2 /* UI */ = {
			isa = PBXGroup;
			children = (
				7CC7B58D2286BE060008CEE2 /* ConvertViewController.swift */,
			);
			path = UI;
			sourceTree = "<group>";
		};
		8CFBB221E563147A610607E1 /* Frameworks */ = {
			isa = PBXGroup;
			children = (
				F1258A7D4140F4C2FA5885EF /* Pods_YumemiTask.framework */,
			);
			name = Frameworks;
			sourceTree = "<group>";
		};
/* End PBXGroup section */

/* Begin PBXNativeTarget section */
		7C3B224B22830C290032D937 /* YumemiTask */ = {
			isa = PBXNativeTarget;
			buildConfigurationList = 7C3B225E22830C2B0032D937 /* Build configuration list for PBXNativeTarget "YumemiTask" */;
			buildPhases = (
				9CD8E8996C7FB8A9D8CCFBB2 /* [CP] Check Pods Manifest.lock */,
				7C3B224822830C290032D937 /* Sources */,
				7C3B224922830C290032D937 /* Frameworks */,
				7C3B224A22830C290032D937 /* Resources */,
				80CF1B606AD77CADE55E8BB6 /* [CP] Embed Pods Frameworks */,
			);
			buildRules = (
			);
			dependencies = (
			);
			name = YumemiTask;
			productName = YumemiTask;
			productReference = 7C3B224C22830C290032D937 /* YumemiTask.app */;
			productType = "com.apple.product-type.application";
		};
/* End PBXNativeTarget section */

/* Begin PBXProject section */
		7C3B224422830C290032D937 /* Project object */ = {
			isa = PBXProject;
			attributes = {
				LastSwiftUpdateCheck = 1020;
				LastUpgradeCheck = 1020;
				ORGANIZATIONNAME = "渡辺健一";
				TargetAttributes = {
					7C3B224B22830C290032D937 = {
						CreatedOnToolsVersion = 10.2.1;
					};
				};
			};
			buildConfigurationList = 7C3B224722830C290032D937 /* Build configuration list for PBXProject "YumemiTask" */;
			compatibilityVersion = "Xcode 10.0";
			developmentRegion = en;
			hasScannedForEncodings = 0;
			knownRegions = (
				en,
				Base,
			);
			mainGroup = 7C3B224322830C290032D937;
			productRefGroup = 7C3B224D22830C290032D937 /* Products */;
			projectDirPath = "";
			projectRoot = "";
			targets = (
				7C3B224B22830C290032D937 /* YumemiTask */,
			);
		};
/* End PBXProject section */

/* Begin PBXResourcesBuildPhase section */
		7C3B224A22830C290032D937 /* Resources */ = {
			isa = PBXResourcesBuildPhase;
			buildActionMask = 2147483647;
			files = (
				7C3B225A22830C2B0032D937 /* LaunchScreen.storyboard in Resources */,
				7C3B225722830C2B0032D937 /* Assets.xcassets in Resources */,
				7C3B225522830C290032D937 /* Main.storyboard in Resources */,
			);
			runOnlyForDeploymentPostprocessing = 0;
		};
/* End PBXResourcesBuildPhase section */

/* Begin PBXShellScriptBuildPhase section */
		80CF1B606AD77CADE55E8BB6 /* [CP] Embed Pods Frameworks */ = {
			isa = PBXShellScriptBuildPhase;
			buildActionMask = 2147483647;
			files = (
			);
			inputFileListPaths = (
			);
			inputPaths = (
				"${PODS_ROOT}/Target Support Files/Pods-YumemiTask/Pods-YumemiTask-frameworks.sh",
				"${BUILT_PRODUCTS_DIR}/Alamofire/Alamofire.framework",
				"${BUILT_PRODUCTS_DIR}/Alamofire-SwiftyJSON/Alamofire_SwiftyJSON.framework",
				"${BUILT_PRODUCTS_DIR}/FontAwesome.swift/FontAwesome_swift.framework",
				"${BUILT_PRODUCTS_DIR}/RxCocoa/RxCocoa.framework",
				"${BUILT_PRODUCTS_DIR}/RxRelay/RxRelay.framework",
				"${BUILT_PRODUCTS_DIR}/RxSwift/RxSwift.framework",
				"${BUILT_PRODUCTS_DIR}/SwiftyJSON/SwiftyJSON.framework",
			);
			name = "[CP] Embed Pods Frameworks";
			outputFileListPaths = (
			);
			outputPaths = (
				"${TARGET_BUILD_DIR}/${FRAMEWORKS_FOLDER_PATH}/Alamofire.framework",
				"${TARGET_BUILD_DIR}/${FRAMEWORKS_FOLDER_PATH}/Alamofire_SwiftyJSON.framework",
				"${TARGET_BUILD_DIR}/${FRAMEWORKS_FOLDER_PATH}/FontAwesome_swift.framework",
				"${TARGET_BUILD_DIR}/${FRAMEWORKS_FOLDER_PATH}/RxCocoa.framework",
				"${TARGET_BUILD_DIR}/${FRAMEWORKS_FOLDER_PATH}/RxRelay.framework",
				"${TARGET_BUILD_DIR}/${FRAMEWORKS_FOLDER_PATH}/RxSwift.framework",
				"${TARGET_BUILD_DIR}/${FRAMEWORKS_FOLDER_PATH}/SwiftyJSON.framework",
			);
			runOnlyForDeploymentPostprocessing = 0;
			shellPath = /bin/sh;
			shellScript = "\"${PODS_ROOT}/Target Support Files/Pods-YumemiTask/Pods-YumemiTask-frameworks.sh\"\n";
			showEnvVarsInLog = 0;
		};
		9CD8E8996C7FB8A9D8CCFBB2 /* [CP] Check Pods Manifest.lock */ = {
			isa = PBXShellScriptBuildPhase;
			buildActionMask = 2147483647;
			files = (
			);
			inputFileListPaths = (
			);
			inputPaths = (
				"${PODS_PODFILE_DIR_PATH}/Podfile.lock",
				"${PODS_ROOT}/Manifest.lock",
			);
			name = "[CP] Check Pods Manifest.lock";
			outputFileListPaths = (
			);
			outputPaths = (
				"$(DERIVED_FILE_DIR)/Pods-YumemiTask-checkManifestLockResult.txt",
			);
			runOnlyForDeploymentPostprocessing = 0;
			shellPath = /bin/sh;
			shellScript = "diff \"${PODS_PODFILE_DIR_PATH}/Podfile.lock\" \"${PODS_ROOT}/Manifest.lock\" > /dev/null\nif [ $? != 0 ] ; then\n    # print error to STDERR\n    echo \"error: The sandbox is not in sync with the Podfile.lock. Run 'pod install' or update your CocoaPods installation.\" >&2\n    exit 1\nfi\n# This output is used by Xcode 'outputs' to avoid re-running this script phase.\necho \"SUCCESS\" > \"${SCRIPT_OUTPUT_FILE_0}\"\n";
			showEnvVarsInLog = 0;
		};
/* End PBXShellScriptBuildPhase section */

/* Begin PBXSourcesBuildPhase section */
		7C3B224822830C290032D937 /* Sources */ = {
			isa = PBXSourcesBuildPhase;
			buildActionMask = 2147483647;
			files = (
				7CC7B58E2286BE070008CEE2 /* ConvertViewController.swift in Sources */,
				7C3B225022830C290032D937 /* AppDelegate.swift in Sources */,
			);
			runOnlyForDeploymentPostprocessing = 0;
		};
/* End PBXSourcesBuildPhase section */

/* Begin PBXVariantGroup section */
		7C3B225322830C290032D937 /* Main.storyboard */ = {
			isa = PBXVariantGroup;
			children = (
				7C3B225422830C290032D937 /* Base */,
			);
			name = Main.storyboard;
			sourceTree = "<group>";
		};
		7C3B225822830C2B0032D937 /* LaunchScreen.storyboard */ = {
			isa = PBXVariantGroup;
			children = (
				7C3B225922830C2B0032D937 /* Base */,
			);
			name = LaunchScreen.storyboard;
			sourceTree = "<group>";
		};
/* End PBXVariantGroup section */

/* Begin XCBuildConfiguration section */
		7C3B225C22830C2B0032D937 /* Debug */ = {
			isa = XCBuildConfiguration;
			buildSettings = {
				ALWAYS_SEARCH_USER_PATHS = NO;
				CLANG_ANALYZER_NONNULL = YES;
				CLANG_ANALYZER_NUMBER_OBJECT_CONVERSION = YES_AGGRESSIVE;
				CLANG_CXX_LANGUAGE_STANDARD = "gnu++14";
				CLANG_CXX_LIBRARY = "libc++";
				CLANG_ENABLE_MODULES = YES;
				CLANG_ENABLE_OBJC_ARC = YES;
				CLANG_ENABLE_OBJC_WEAK = YES;
				CLANG_WARN_BLOCK_CAPTURE_AUTORELEASING = YES;
				CLANG_WARN_BOOL_CONVERSION = YES;
				CLANG_WARN_COMMA = YES;
				CLANG_WARN_CONSTANT_CONVERSION = YES;
				CLANG_WARN_DEPRECATED_OBJC_IMPLEMENTATIONS = YES;
				CLANG_WARN_DIRECT_OBJC_ISA_USAGE = YES_ERROR;
				CLANG_WARN_DOCUMENTATION_COMMENTS = YES;
				CLANG_WARN_EMPTY_BODY = YES;
				CLANG_WARN_ENUM_CONVERSION = YES;
				CLANG_WARN_INFINITE_RECURSION = YES;
				CLANG_WARN_INT_CONVERSION = YES;
				CLANG_WARN_NON_LITERAL_NULL_CONVERSION = YES;
				CLANG_WARN_OBJC_IMPLICIT_RETAIN_SELF = YES;
				CLANG_WARN_OBJC_LITERAL_CONVERSION = YES;
				CLANG_WARN_OBJC_ROOT_CLASS = YES_ERROR;
				CLANG_WARN_RANGE_LOOP_ANALYSIS = YES;
				CLANG_WARN_STRICT_PROTOTYPES = YES;
				CLANG_WARN_SUSPICIOUS_MOVE = YES;
				CLANG_WARN_UNGUARDED_AVAILABILITY = YES_AGGRESSIVE;
				CLANG_WARN_UNREACHABLE_CODE = YES;
				CLANG_WARN__DUPLICATE_METHOD_MATCH = YES;
				CODE_SIGN_IDENTITY = "iPhone Developer";
				COPY_PHASE_STRIP = NO;
				DEBUG_INFORMATION_FORMAT = dwarf;
				ENABLE_STRICT_OBJC_MSGSEND = YES;
				ENABLE_TESTABILITY = YES;
				GCC_C_LANGUAGE_STANDARD = gnu11;
				GCC_DYNAMIC_NO_PIC = NO;
				GCC_NO_COMMON_BLOCKS = YES;
				GCC_OPTIMIZATION_LEVEL = 0;
				GCC_PREPROCESSOR_DEFINITIONS = (
					"DEBUG=1",
					"$(inherited)",
				);
				GCC_WARN_64_TO_32_BIT_CONVERSION = YES;
				GCC_WARN_ABOUT_RETURN_TYPE = YES_ERROR;
				GCC_WARN_UNDECLARED_SELECTOR = YES;
				GCC_WARN_UNINITIALIZED_AUTOS = YES_AGGRESSIVE;
				GCC_WARN_UNUSED_FUNCTION = YES;
				GCC_WARN_UNUSED_VARIABLE = YES;
				IPHONEOS_DEPLOYMENT_TARGET = 12.2;
				MTL_ENABLE_DEBUG_INFO = INCLUDE_SOURCE;
				MTL_FAST_MATH = YES;
				ONLY_ACTIVE_ARCH = YES;
				SDKROOT = iphoneos;
				SWIFT_ACTIVE_COMPILATION_CONDITIONS = DEBUG;
				SWIFT_OPTIMIZATION_LEVEL = "-Onone";
			};
			name = Debug;
		};
		7C3B225D22830C2B0032D937 /* Release */ = {
			isa = XCBuildConfiguration;
			buildSettings = {
				ALWAYS_SEARCH_USER_PATHS = NO;
				CLANG_ANALYZER_NONNULL = YES;
				CLANG_ANALYZER_NUMBER_OBJECT_CONVERSION = YES_AGGRESSIVE;
				CLANG_CXX_LANGUAGE_STANDARD = "gnu++14";
				CLANG_CXX_LIBRARY = "libc++";
				CLANG_ENABLE_MODULES = YES;
				CLANG_ENABLE_OBJC_ARC = YES;
				CLANG_ENABLE_OBJC_WEAK = YES;
				CLANG_WARN_BLOCK_CAPTURE_AUTORELEASING = YES;
				CLANG_WARN_BOOL_CONVERSION = YES;
				CLANG_WARN_COMMA = YES;
				CLANG_WARN_CONSTANT_CONVERSION = YES;
				CLANG_WARN_DEPRECATED_OBJC_IMPLEMENTATIONS = YES;
				CLANG_WARN_DIRECT_OBJC_ISA_USAGE = YES_ERROR;
				CLANG_WARN_DOCUMENTATION_COMMENTS = YES;
				CLANG_WARN_EMPTY_BODY = YES;
				CLANG_WARN_ENUM_CONVERSION = YES;
				CLANG_WARN_INFINITE_RECURSION = YES;
				CLANG_WARN_INT_CONVERSION = YES;
				CLANG_WARN_NON_LITERAL_NULL_CONVERSION = YES;
				CLANG_WARN_OBJC_IMPLICIT_RETAIN_SELF = YES;
				CLANG_WARN_OBJC_LITERAL_CONVERSION = YES;
				CLANG_WARN_OBJC_ROOT_CLASS = YES_ERROR;
				CLANG_WARN_RANGE_LOOP_ANALYSIS = YES;
				CLANG_WARN_STRICT_PROTOTYPES = YES;
				CLANG_WARN_SUSPICIOUS_MOVE = YES;
				CLANG_WARN_UNGUARDED_AVAILABILITY = YES_AGGRESSIVE;
				CLANG_WARN_UNREACHABLE_CODE = YES;
				CLANG_WARN__DUPLICATE_METHOD_MATCH = YES;
				CODE_SIGN_IDENTITY = "iPhone Developer";
				COPY_PHASE_STRIP = NO;
				DEBUG_INFORMATION_FORMAT = "dwarf-with-dsym";
				ENABLE_NS_ASSERTIONS = NO;
				ENABLE_STRICT_OBJC_MSGSEND = YES;
				GCC_C_LANGUAGE_STANDARD = gnu11;
				GCC_NO_COMMON_BLOCKS = YES;
				GCC_WARN_64_TO_32_BIT_CONVERSION = YES;
				GCC_WARN_ABOUT_RETURN_TYPE = YES_ERROR;
				GCC_WARN_UNDECLARED_SELECTOR = YES;
				GCC_WARN_UNINITIALIZED_AUTOS = YES_AGGRESSIVE;
				GCC_WARN_UNUSED_FUNCTION = YES;
				GCC_WARN_UNUSED_VARIABLE = YES;
				IPHONEOS_DEPLOYMENT_TARGET = 12.2;
				MTL_ENABLE_DEBUG_INFO = NO;
				MTL_FAST_MATH = YES;
				SDKROOT = iphoneos;
				SWIFT_COMPILATION_MODE = wholemodule;
				SWIFT_OPTIMIZATION_LEVEL = "-O";
				VALIDATE_PRODUCT = YES;
			};
			name = Release;
		};
		7C3B225F22830C2B0032D937 /* Debug */ = {
			isa = XCBuildConfiguration;
			baseConfigurationReference = 60F61FBA60EB7E71B721280D /* Pods-YumemiTask.debug.xcconfig */;
			buildSettings = {
				ASSETCATALOG_COMPILER_APPICON_NAME = AppIcon;
				CODE_SIGN_STYLE = Automatic;
				DEVELOPMENT_TEAM = HP6DYKT7C4;
				INFOPLIST_FILE = YumemiTask/Info.plist;
				IPHONEOS_DEPLOYMENT_TARGET = 12.0;
				LD_RUNPATH_SEARCH_PATHS = (
					"$(inherited)",
					"@executable_path/Frameworks",
				);
				PRODUCT_BUNDLE_IDENTIFIER = com.wk.YumemiTask;
				PRODUCT_NAME = "$(TARGET_NAME)";
				SWIFT_VERSION = 4.2;
				TARGETED_DEVICE_FAMILY = "1,2";
			};
			name = Debug;
		};
		7C3B226022830C2B0032D937 /* Release */ = {
			isa = XCBuildConfiguration;
			baseConfigurationReference = 64B1A61BCE01CD283DC6E55D /* Pods-YumemiTask.release.xcconfig */;
			buildSettings = {
				ASSETCATALOG_COMPILER_APPICON_NAME = AppIcon;
				CODE_SIGN_STYLE = Automatic;
				DEVELOPMENT_TEAM = HP6DYKT7C4;
				INFOPLIST_FILE = YumemiTask/Info.plist;
				IPHONEOS_DEPLOYMENT_TARGET = 12.0;
				LD_RUNPATH_SEARCH_PATHS = (
					"$(inherited)",
					"@executable_path/Frameworks",
				);
				PRODUCT_BUNDLE_IDENTIFIER = com.wk.YumemiTask;
				PRODUCT_NAME = "$(TARGET_NAME)";
				SWIFT_VERSION = 4.2;
				TARGETED_DEVICE_FAMILY = "1,2";
			};
			name = Release;
		};
/* End XCBuildConfiguration section */

/* Begin XCConfigurationList section */
		7C3B224722830C290032D937 /* Build configuration list for PBXProject "YumemiTask" */ = {
			isa = XCConfigurationList;
			buildConfigurations = (
				7C3B225C22830C2B0032D937 /* Debug */,
				7C3B225D22830C2B0032D937 /* Release */,
			);
			defaultConfigurationIsVisible = 0;
			defaultConfigurationName = Release;
		};
		7C3B225E22830C2B0032D937 /* Build configuration list for PBXNativeTarget "YumemiTask" */ = {
			isa = XCConfigurationList;
			buildConfigurations = (
				7C3B225F22830C2B0032D937 /* Debug */,
				7C3B226022830C2B0032D937 /* Release */,
			);
			defaultConfigurationIsVisible = 0;
			defaultConfigurationName = Release;
		};
/* End XCConfigurationList section */
	};
	rootObject = 7C3B224422830C290032D937 /* Project object */;
}
